
Microsoft Visual Studio Solution File, Format Version 12.00
# Visual Studio Version 16
VisualStudioVersion = 16.0.31112.23
MinimumVisualStudioVersion = 10.0.40219.1
Project("{FAE04EC0-301F-11D3-BF4B-00C04F79EFBC}") = "Lab3", "Lab3\Lab3.csproj", "{ACB40DDD-9B00-4C10-B48C-9F7D54E33981}"
EndProject
Global
	GlobalSection(SolutionConfigurationPlatforms) = preSolution
		Debug|Any CPU = Debug|Any CPU
		Release|Any CPU = Release|Any CPU
	EndGlobalSection
	GlobalSection(ProjectConfigurationPlatforms) = postSolution
		{ACB40DDD-9B00-4C10-B48C-9F7D54E33981}.Debug|Any CPU.ActiveCfg = Debug|Any CPU
		{ACB40DDD-9B00-4C10-B48C-9F7D54E33981}.Debug|Any CPU.Build.0 = Debug|Any CPU
		{ACB40DDD-9B00-4C10-B48C-9F7D54E33981}.Release|Any CPU.ActiveCfg = Release|Any CPU
		{ACB40DDD-9B00-4C10-B48C-9F7D54E33981}.Release|Any CPU.Build.0 = Release|Any CPU
	EndGlobalSection
	GlobalSection(SolutionProperties) = preSolution
		HideSolutionNode = FALSE
	EndGlobalSection
	GlobalSection(ExtensibilityGlobals) = postSolution
		SolutionGuid = {34852AD8-65F9-403A-8C80-5D85799D7E6E}
	EndGlobalSection
EndGlobal
